
Microsoft Visual Studio Solution File, Format Version 12.00
# Visual Studio 15
VisualStudioVersion = 15.0.28010.2036
MinimumVisualStudioVersion = 10.0.40219.1
Project("{FAE04EC0-301F-11D3-BF4B-00C04F79EFBC}") = "App_Op.Android", "App_Op\App_Op.Android\App_Op.Android.csproj", "{0040ACE1-4FD4-48BB-B7B0-350441A8B4F9}"
EndProject
Project("{D954291E-2A0B-460D-934E-DC6B0785DB48}") = "App_Op", "App_Op\App_Op\App_Op.shproj", "{06E970DD-750F-42FC-9979-B4BFF211C53E}"
EndProject
Global
	GlobalSection(SharedMSBuildProjectFiles) = preSolution
		App_Op\App_Op\App_Op.projitems*{0040ace1-4fd4-48bb-b7b0-350441a8b4f9}*SharedItemsImports = 4
		App_Op\App_Op\App_Op.projitems*{06e970dd-750f-42fc-9979-b4bff211c53e}*SharedItemsImports = 13
	EndGlobalSection
	GlobalSection(SolutionConfigurationPlatforms) = preSolution
		Debug|Any CPU = Debug|Any CPU
		Release|Any CPU = Release|Any CPU
	EndGlobalSection
	GlobalSection(ProjectConfigurationPlatforms) = postSolution
		{0040ACE1-4FD4-48BB-B7B0-350441A8B4F9}.Debug|Any CPU.ActiveCfg = Debug|Any CPU
		{0040ACE1-4FD4-48BB-B7B0-350441A8B4F9}.Debug|Any CPU.Build.0 = Debug|Any CPU
		{0040ACE1-4FD4-48BB-B7B0-350441A8B4F9}.Debug|Any CPU.Deploy.0 = Debug|Any CPU
		{0040ACE1-4FD4-48BB-B7B0-350441A8B4F9}.Release|Any CPU.ActiveCfg = Release|Any CPU
		{0040ACE1-4FD4-48BB-B7B0-350441A8B4F9}.Release|Any CPU.Build.0 = Release|Any CPU
		{0040ACE1-4FD4-48BB-B7B0-350441A8B4F9}.Release|Any CPU.Deploy.0 = Release|Any CPU
	EndGlobalSection
	GlobalSection(SolutionProperties) = preSolution
		HideSolutionNode = FALSE
	EndGlobalSection
	GlobalSection(ExtensibilityGlobals) = postSolution
		SolutionGuid = {ED9E0A8A-B94D-4336-97B5-FB08FDA7ECC0}
	EndGlobalSection
EndGlobal
